// !$*UTF8*$!
{
	archiveVersion = 1;
	classes = {
	};
	objectVersion = 77;
	objects = {

/* Begin PBXBuildFile section */
		0D6CC15DA5636384C904E0AD /* BIT101WatchWidgetsBundle.swift in Sources */ = {isa = PBXBuildFile; fileRef = 796D7A3D2666B8F0197201E6 /* BIT101WatchWidgetsBundle.swift */; };
		14721303F52951498981FB7F /* ScheduleSharedOccurrence.swift in Sources */ = {isa = PBXBuildFile; fileRef = DE2C0A347C3DFB45B555EAF0 /* ScheduleSharedOccurrence.swift */; };
		31C4ED6573B18E57E68C9998 /* WatchScheduleSyncManager.swift in Sources */ = {isa = PBXBuildFile; fileRef = 72A1F6AF2FB00A16DDC8068E /* WatchScheduleSyncManager.swift */; };
		33BCD239CC2949787F9D7E6F /* ScheduleSharedOccurrence.swift in Sources */ = {isa = PBXBuildFile; fileRef = DE2C0A347C3DFB45B555EAF0 /* ScheduleSharedOccurrence.swift */; };
		46FBCFC063C5DE6022EC19D0 /* ScheduleSharedLiveActivity.swift in Sources */ = {isa = PBXBuildFile; fileRef = 3CF4896F51E6C19BBE15048C /* ScheduleSharedLiveActivity.swift */; };
		6B9445E6F09E8957FC4C25BE /* ScheduleSharedLiveActivity.swift in Sources */ = {isa = PBXBuildFile; fileRef = 3CF4896F51E6C19BBE15048C /* ScheduleSharedLiveActivity.swift */; };
		6BE3679F715527DA44DCD8EA /* Foundation.framework in Frameworks */ = {isa = PBXBuildFile; fileRef = 4162B327CBFEC0829F8AB242 /* Foundation.framework */; };
		7E481656A9CBB85EA5FA51AD /* ScheduleSharedSnapshot.swift in Sources */ = {isa = PBXBuildFile; fileRef = 498515EF1571216B6C662577 /* ScheduleSharedSnapshot.swift */; };
		80FEE566078E573A01F25942 /* ScheduleSharedSnapshot.swift in Sources */ = {isa = PBXBuildFile; fileRef = 498515EF1571216B6C662577 /* ScheduleSharedSnapshot.swift */; };
		85798F727C7A8202CDFECFA1 /* BIT101ScheduleWidget.swift in Sources */ = {isa = PBXBuildFile; fileRef = F1E4DE63842E0A7A6C0DE9F9 /* BIT101ScheduleWidget.swift */; };
		86480E32AA132F273CEFA205 /* ScheduleSharedOccurrence.swift in Sources */ = {isa = PBXBuildFile; fileRef = DE2C0A347C3DFB45B555EAF0 /* ScheduleSharedOccurrence.swift */; };
		86E934E59E093F63ED817276 /* BIT101WatchExtensionApp.swift in Sources */ = {isa = PBXBuildFile; fileRef = 21A95B6C96CDD83709030EF8 /* BIT101WatchExtensionApp.swift */; };
		8FD3C2B3B8C6D5E68B474DD7 /* BIT101WatchScheduleWidget.swift in Sources */ = {isa = PBXBuildFile; fileRef = 819ECA98BC5A0A39D0B68FD5 /* BIT101WatchScheduleWidget.swift */; };
		9AF91C20457A617C9030DE46 /* Foundation.framework in Frameworks */ = {isa = PBXBuildFile; fileRef = 4162B327CBFEC0829F8AB242 /* Foundation.framework */; };
		A44A833C45CA0AA37FAD6708 /* ScheduleSharedSnapshot.swift in Sources */ = {isa = PBXBuildFile; fileRef = 498515EF1571216B6C662577 /* ScheduleSharedSnapshot.swift */; };
		B979F16E6900E1E884772F00 /* Foundation.framework in Frameworks */ = {isa = PBXBuildFile; fileRef = C87F2B27CDB14AC63D666139 /* Foundation.framework */; };
		C0683505889D51D1ED727339 /* Assets.xcassets in Resources */ = {isa = PBXBuildFile; fileRef = F8E44554F89A8994A3C6A41E /* Assets.xcassets */; };
		C8618324F1CB0A8EB9CB55F9 /* BIT101ScheduleWidgetBundle.swift in Sources */ = {isa = PBXBuildFile; fileRef = 66582305EDF75198F3070B6C /* BIT101ScheduleWidgetBundle.swift */; };
		CDDB7CC9D6C32483E0E54C0E /* BIT101WatchExtension.appex in Embed Foundation Extensions */ = {isa = PBXBuildFile; fileRef = E8DFA667ABC75C6810BC0A6B /* BIT101WatchExtension.appex */; };
		D6E1110C49C701CB6C8B3080 /* BIT101Watch.app in Embed Watch Content */ = {isa = PBXBuildFile; fileRef = 027903073181F16453D11398 /* BIT101Watch.app */; };
		E89B1AAE46D4FFA1A056C483 /* ScheduleSharedLiveActivity.swift in Sources */ = {isa = PBXBuildFile; fileRef = 3CF4896F51E6C19BBE15048C /* ScheduleSharedLiveActivity.swift */; };
		E8DF51F6326A8FA9797F82E9 /* BIT101WatchWidgets.appex in Embed Foundation Extensions */ = {isa = PBXBuildFile; fileRef = 6C427FABBA6FB6C2CF4098BE /* BIT101WatchWidgets.appex */; };
		F52E9C051CAF65D91825FB7A /* WatchScheduleRootView.swift in Sources */ = {isa = PBXBuildFile; fileRef = 7A6C2ACF3AF5C705FD407FBA /* WatchScheduleRootView.swift */; };
		F65927450E15455FB026D9C1 /* BIT101ScheduleWidget.appex in Embed Foundation Extensions */ = {isa = PBXBuildFile; fileRef = 0382F3A6842C7256F74D4FCC /* BIT101ScheduleWidget.appex */; platformFilter = ios; settings = {ATTRIBUTES = (CodeSignOnCopy, RemoveHeadersOnCopy, ); }; };
/* End PBXBuildFile section */

/* Begin PBXContainerItemProxy section */
		4821D067A5997FA5482510A0 /* PBXContainerItemProxy */ = {
			isa = PBXContainerItemProxy;
			containerPortal = D2FF4C8E2F729DB4000FA1C1 /* Project object */;
			proxyType = 1;
			remoteGlobalIDString = E14C33A004A034143423AAE7;
			remoteInfo = BIT101WatchWidgets;
		};
		BE604201BA457AA12707C74F /* PBXContainerItemProxy */ = {
			isa = PBXContainerItemProxy;
			containerPortal = D2FF4C8E2F729DB4000FA1C1 /* Project object */;
			proxyType = 1;
			remoteGlobalIDString = C8AF9C40C472741950BEAF70;
			remoteInfo = BIT101Watch;
		};
		BEB0BD40BE7DACE66198E2A6 /* PBXContainerItemProxy */ = {
			isa = PBXContainerItemProxy;
			containerPortal = D2FF4C8E2F729DB4000FA1C1 /* Project object */;
			proxyType = 1;
			remoteGlobalIDString = A222C4EBA765A745DE78B6CF;
			remoteInfo = BIT101ScheduleWidget;
		};
		F7BE3C5322D51E9DF112C5E2 /* PBXContainerItemProxy */ = {
			isa = PBXContainerItemProxy;
			containerPortal = D2FF4C8E2F729DB4000FA1C1 /* Project object */;
			proxyType = 1;
			remoteGlobalIDString = 9AE06B6F602FB7E26D7BD7BA;
			remoteInfo = BIT101WatchExtension;
		};
/* End PBXContainerItemProxy section */

/* Begin PBXCopyFilesBuildPhase section */
		524910F6664E97D0AD2254A6 /* Embed Foundation Extensions */ = {
			isa = PBXCopyFilesBuildPhase;
			buildActionMask = 2147483647;
			dstPath = "";
			dstSubfolderSpec = 13;
			files = (
				F65927450E15455FB026D9C1 /* BIT101ScheduleWidget.appex in Embed Foundation Extensions */,
			);
			name = "Embed Foundation Extensions";
			runOnlyForDeploymentPostprocessing = 0;
		};
		7DE3E2E83612E965A2BA07B0 /* Embed Watch Content */ = {
			isa = PBXCopyFilesBuildPhase;
			buildActionMask = 2147483647;
			dstPath = Watch;
			dstSubfolderSpec = 1;
			files = (
				D6E1110C49C701CB6C8B3080 /* BIT101Watch.app in Embed Watch Content */,
			);
			name = "Embed Watch Content";
			runOnlyForDeploymentPostprocessing = 0;
		};
		FC107DF24576CD610F4804F3 /* Embed Foundation Extensions */ = {
			isa = PBXCopyFilesBuildPhase;
			buildActionMask = 2147483647;
			dstPath = "";
			dstSubfolderSpec = 13;
			files = (
				E8DF51F6326A8FA9797F82E9 /* BIT101WatchWidgets.appex in Embed Foundation Extensions */,
				CDDB7CC9D6C32483E0E54C0E /* BIT101WatchExtension.appex in Embed Foundation Extensions */,
			);
			name = "Embed Foundation Extensions";
			runOnlyForDeploymentPostprocessing = 0;
		};
/* End PBXCopyFilesBuildPhase section */

/* Begin PBXFileReference section */
		027903073181F16453D11398 /* BIT101Watch.app */ = {isa = PBXFileReference; explicitFileType = wrapper.application; includeInIndex = 0; path = BIT101Watch.app; sourceTree = BUILT_PRODUCTS_DIR; };
		0382F3A6842C7256F74D4FCC /* BIT101ScheduleWidget.appex */ = {isa = PBXFileReference; explicitFileType = "wrapper.app-extension"; includeInIndex = 0; path = BIT101ScheduleWidget.appex; sourceTree = BUILT_PRODUCTS_DIR; };
		1E1FBB0E34C9522F630975C8 /* Info.plist */ = {isa = PBXFileReference; includeInIndex = 1; lastKnownFileType = text.plist.xml; path = Info.plist; sourceTree = "<group>"; };
		21A95B6C96CDD83709030EF8 /* BIT101WatchExtensionApp.swift */ = {isa = PBXFileReference; includeInIndex = 1; lastKnownFileType = sourcecode.swift; path = BIT101WatchExtensionApp.swift; sourceTree = "<group>"; };
		3CF4896F51E6C19BBE15048C /* ScheduleSharedLiveActivity.swift */ = {isa = PBXFileReference; includeInIndex = 1; lastKnownFileType = sourcecode.swift; path = ScheduleSharedLiveActivity.swift; sourceTree = "<group>"; };
		4162B327CBFEC0829F8AB242 /* Foundation.framework */ = {isa = PBXFileReference; lastKnownFileType = wrapper.framework; name = Foundation.framework; path = Platforms/WatchOS.platform/Developer/SDKs/WatchOS11.0.sdk/System/Library/Frameworks/Foundation.framework; sourceTree = DEVELOPER_DIR; };
		498515EF1571216B6C662577 /* ScheduleSharedSnapshot.swift */ = {isa = PBXFileReference; includeInIndex = 1; lastKnownFileType = sourcecode.swift; path = ScheduleSharedSnapshot.swift; sourceTree = "<group>"; };
		5CB43A1BB6CE6CCCBDC41D5C /* Info.plist */ = {isa = PBXFileReference; includeInIndex = 1; lastKnownFileType = text.plist.xml; path = Info.plist; sourceTree = "<group>"; };
		66582305EDF75198F3070B6C /* BIT101ScheduleWidgetBundle.swift */ = {isa = PBXFileReference; includeInIndex = 1; lastKnownFileType = sourcecode.swift; path = BIT101ScheduleWidgetBundle.swift; sourceTree = "<group>"; };
		6C427FABBA6FB6C2CF4098BE /* BIT101WatchWidgets.appex */ = {isa = PBXFileReference; explicitFileType = "wrapper.app-extension"; includeInIndex = 0; path = BIT101WatchWidgets.appex; sourceTree = BUILT_PRODUCTS_DIR; };
		72A1F6AF2FB00A16DDC8068E /* WatchScheduleSyncManager.swift */ = {isa = PBXFileReference; includeInIndex = 1; lastKnownFileType = sourcecode.swift; path = WatchScheduleSyncManager.swift; sourceTree = "<group>"; };
		796D7A3D2666B8F0197201E6 /* BIT101WatchWidgetsBundle.swift */ = {isa = PBXFileReference; includeInIndex = 1; lastKnownFileType = sourcecode.swift; path = BIT101WatchWidgetsBundle.swift; sourceTree = "<group>"; };
		7A6C2ACF3AF5C705FD407FBA /* WatchScheduleRootView.swift */ = {isa = PBXFileReference; includeInIndex = 1; lastKnownFileType = sourcecode.swift; path = WatchScheduleRootView.swift; sourceTree = "<group>"; };
		819ECA98BC5A0A39D0B68FD5 /* BIT101WatchScheduleWidget.swift */ = {isa = PBXFileReference; includeInIndex = 1; lastKnownFileType = sourcecode.swift; path = BIT101WatchScheduleWidget.swift; sourceTree = "<group>"; };
		8A6CC7127EDBFA094B744873 /* BIT101WatchExtension.entitlements */ = {isa = PBXFileReference; includeInIndex = 1; lastKnownFileType = text.plist.entitlements; path = BIT101WatchExtension.entitlements; sourceTree = "<group>"; };
		96F117AE4D80C6B7B073E4F8 /* Info.plist */ = {isa = PBXFileReference; includeInIndex = 1; lastKnownFileType = text.plist.xml; path = Info.plist; sourceTree = "<group>"; };
		B52AC6532DE224AF07CEA5C1 /* BIT101WatchWidgets.entitlements */ = {isa = PBXFileReference; includeInIndex = 1; lastKnownFileType = text.plist.entitlements; path = BIT101WatchWidgets.entitlements; sourceTree = "<group>"; };
		C87F2B27CDB14AC63D666139 /* Foundation.framework */ = {isa = PBXFileReference; lastKnownFileType = wrapper.framework; name = Foundation.framework; path = Platforms/iPhoneOS.platform/Developer/SDKs/iPhoneOS18.0.sdk/System/Library/Frameworks/Foundation.framework; sourceTree = DEVELOPER_DIR; };
		CF8086061B44E95B40189EB0 /* Info.plist */ = {isa = PBXFileReference; includeInIndex = 1; lastKnownFileType = text.plist.xml; path = Info.plist; sourceTree = "<group>"; };
		D2FF4C962F729DB4000FA1C1 /* BIT101-iOS.app */ = {isa = PBXFileReference; explicitFileType = wrapper.application; includeInIndex = 0; path = "BIT101-iOS.app"; sourceTree = BUILT_PRODUCTS_DIR; };
		DE2C0A347C3DFB45B555EAF0 /* ScheduleSharedOccurrence.swift */ = {isa = PBXFileReference; includeInIndex = 1; lastKnownFileType = sourcecode.swift; path = ScheduleSharedOccurrence.swift; sourceTree = "<group>"; };
		E8DFA667ABC75C6810BC0A6B /* BIT101WatchExtension.appex */ = {isa = PBXFileReference; explicitFileType = "wrapper.app-extension"; includeInIndex = 0; path = BIT101WatchExtension.appex; sourceTree = BUILT_PRODUCTS_DIR; };
		F1E4DE63842E0A7A6C0DE9F9 /* BIT101ScheduleWidget.swift */ = {isa = PBXFileReference; includeInIndex = 1; lastKnownFileType = sourcecode.swift; path = BIT101ScheduleWidget.swift; sourceTree = "<group>"; };
		F49E2B4B4D5BE4DD9D59BDF1 /* BIT101ScheduleWidget.entitlements */ = {isa = PBXFileReference; includeInIndex = 1; lastKnownFileType = text.plist.entitlements; path = BIT101ScheduleWidget.entitlements; sourceTree = "<group>"; };
		F8E44554F89A8994A3C6A41E /* Assets.xcassets */ = {isa = PBXFileReference; includeInIndex = 1; lastKnownFileType = folder.assetcatalog; path = Assets.xcassets; sourceTree = "<group>"; };
/* End PBXFileReference section */

/* Begin PBXFileSystemSynchronizedRootGroup section */
		D2FF4C982F729DB4000FA1C1 /* BIT101-iOS */ = {
			isa = PBXFileSystemSynchronizedRootGroup;
			path = "BIT101-iOS";
			sourceTree = "<group>";
		};
/* End PBXFileSystemSynchronizedRootGroup section */

/* Begin PBXFrameworksBuildPhase section */
		4C472C2944238BC1477A9927 /* Frameworks */ = {
			isa = PBXFrameworksBuildPhase;
			buildActionMask = 2147483647;
			files = (
				B979F16E6900E1E884772F00 /* Foundation.framework in Frameworks */,
			);
			runOnlyForDeploymentPostprocessing = 0;
		};
		BACEBF54A4CDA758F5BAEA2A /* Frameworks */ = {
			isa = PBXFrameworksBuildPhase;
			buildActionMask = 2147483647;
			files = (
			);
			runOnlyForDeploymentPostprocessing = 0;
		};
		D21002A704C3E4688C5217B1 /* Frameworks */ = {
			isa = PBXFrameworksBuildPhase;
			buildActionMask = 2147483647;
			files = (
				9AF91C20457A617C9030DE46 /* Foundation.framework in Frameworks */,
			);
			runOnlyForDeploymentPostprocessing = 0;
		};
		D2FF4C932F729DB4000FA1C1 /* Frameworks */ = {
			isa = PBXFrameworksBuildPhase;
			buildActionMask = 2147483647;
			files = (
			);
			runOnlyForDeploymentPostprocessing = 0;
		};
		D6916F9287D528C43C08F708 /* Frameworks */ = {
			isa = PBXFrameworksBuildPhase;
			buildActionMask = 2147483647;
			files = (
				6BE3679F715527DA44DCD8EA /* Foundation.framework in Frameworks */,
			);
			runOnlyForDeploymentPostprocessing = 0;
		};
/* End PBXFrameworksBuildPhase section */

/* Begin PBXGroup section */
		004DE69434B9FEF2A654EB3C /* BIT101ScheduleWidget */ = {
			isa = PBXGroup;
			children = (
				66582305EDF75198F3070B6C /* BIT101ScheduleWidgetBundle.swift */,
				F1E4DE63842E0A7A6C0DE9F9 /* BIT101ScheduleWidget.swift */,
				96F117AE4D80C6B7B073E4F8 /* Info.plist */,
				F49E2B4B4D5BE4DD9D59BDF1 /* BIT101ScheduleWidget.entitlements */,
			);
			path = BIT101ScheduleWidget;
			sourceTree = "<group>";
		};
		185D0855B8FC9E972ADFF563 /* BIT101WatchExtension */ = {
			isa = PBXGroup;
			children = (
				21A95B6C96CDD83709030EF8 /* BIT101WatchExtensionApp.swift */,
				7A6C2ACF3AF5C705FD407FBA /* WatchScheduleRootView.swift */,
				1E1FBB0E34C9522F630975C8 /* Info.plist */,
				8A6CC7127EDBFA094B744873 /* BIT101WatchExtension.entitlements */,
			);
			path = BIT101WatchExtension;
			sourceTree = "<group>";
		};
		25E8641FD8E3B4363BD33FB6 /* BIT101WatchWidgets */ = {
			isa = PBXGroup;
			children = (
				796D7A3D2666B8F0197201E6 /* BIT101WatchWidgetsBundle.swift */,
				819ECA98BC5A0A39D0B68FD5 /* BIT101WatchScheduleWidget.swift */,
				5CB43A1BB6CE6CCCBDC41D5C /* Info.plist */,
				B52AC6532DE224AF07CEA5C1 /* BIT101WatchWidgets.entitlements */,
			);
			path = BIT101WatchWidgets;
			sourceTree = "<group>";
		};
		26062F92B3BAAD7DC0A776E4 /* watchOS */ = {
			isa = PBXGroup;
			children = (
				4162B327CBFEC0829F8AB242 /* Foundation.framework */,
			);
			name = watchOS;
			sourceTree = "<group>";
		};
		42C7F57DD5129097016A8644 /* iOS */ = {
			isa = PBXGroup;
			children = (
				C87F2B27CDB14AC63D666139 /* Foundation.framework */,
			);
			name = iOS;
			sourceTree = "<group>";
		};
		4E1DE56998160DCFD328522D /* WatchSync */ = {
			isa = PBXGroup;
			children = (
				72A1F6AF2FB00A16DDC8068E /* WatchScheduleSyncManager.swift */,
			);
			name = WatchSync;
			path = "BIT101-iOS/WatchSync";
			sourceTree = "<group>";
		};
		C5319C351048C6B74D7C2653 /* Shared */ = {
			isa = PBXGroup;
			children = (
				498515EF1571216B6C662577 /* ScheduleSharedSnapshot.swift */,
				DE2C0A347C3DFB45B555EAF0 /* ScheduleSharedOccurrence.swift */,
				3CF4896F51E6C19BBE15048C /* ScheduleSharedLiveActivity.swift */,
			);
			name = Shared;
			path = "BIT101-iOS/Shared";
			sourceTree = "<group>";
		};
		CDE5796C86F63D4361DA19D7 /* Frameworks */ = {
			isa = PBXGroup;
			children = (
				42C7F57DD5129097016A8644 /* iOS */,
				26062F92B3BAAD7DC0A776E4 /* watchOS */,
			);
			name = Frameworks;
			sourceTree = "<group>";
		};
		D2FF4C8D2F729DB4000FA1C1 = {
			isa = PBXGroup;
			children = (
				D2FF4C982F729DB4000FA1C1 /* BIT101-iOS */,
				D2FF4C972F729DB4000FA1C1 /* Products */,
				CDE5796C86F63D4361DA19D7 /* Frameworks */,
				004DE69434B9FEF2A654EB3C /* BIT101ScheduleWidget */,
				C5319C351048C6B74D7C2653 /* Shared */,
				FB4A15B914D492D0DE350199 /* BIT101Watch */,
				25E8641FD8E3B4363BD33FB6 /* BIT101WatchWidgets */,
				4E1DE56998160DCFD328522D /* WatchSync */,
				185D0855B8FC9E972ADFF563 /* BIT101WatchExtension */,
			);
			sourceTree = "<group>";
		};
		D2FF4C972F729DB4000FA1C1 /* Products */ = {
			isa = PBXGroup;
			children = (
				D2FF4C962F729DB4000FA1C1 /* BIT101-iOS.app */,
				0382F3A6842C7256F74D4FCC /* BIT101ScheduleWidget.appex */,
				027903073181F16453D11398 /* BIT101Watch.app */,
				6C427FABBA6FB6C2CF4098BE /* BIT101WatchWidgets.appex */,
				E8DFA667ABC75C6810BC0A6B /* BIT101WatchExtension.appex */,
			);
			name = Products;
			sourceTree = "<group>";
		};
		FB4A15B914D492D0DE350199 /* BIT101Watch */ = {
			isa = PBXGroup;
			children = (
				CF8086061B44E95B40189EB0 /* Info.plist */,
				F8E44554F89A8994A3C6A41E /* Assets.xcassets */,
			);
			path = BIT101Watch;
			sourceTree = "<group>";
		};
/* End PBXGroup section */

/* Begin PBXNativeTarget section */
		9AE06B6F602FB7E26D7BD7BA /* BIT101WatchExtension */ = {
			isa = PBXNativeTarget;
			buildConfigurationList = BCE0D790BA4FB403AF856446 /* Build configuration list for PBXNativeTarget "BIT101WatchExtension" */;
			buildPhases = (
				46FD1760B2028E6B49F8B6A6 /* Sources */,
				D6916F9287D528C43C08F708 /* Frameworks */,
				7D31773FA0F1676C3A7747E2 /* Resources */,
			);
			buildRules = (
			);
			dependencies = (
			);
			name = BIT101WatchExtension;
			productName = BIT101WatchExtension;
			productReference = E8DFA667ABC75C6810BC0A6B /* BIT101WatchExtension.appex */;
			productType = "com.apple.product-type.watchkit2-extension";
		};
		A222C4EBA765A745DE78B6CF /* BIT101ScheduleWidget */ = {
			isa = PBXNativeTarget;
			buildConfigurationList = F1F65253CDF96455497F6E74 /* Build configuration list for PBXNativeTarget "BIT101ScheduleWidget" */;
			buildPhases = (
				0EF4EDC316C0A2A17A0BF63F /* Sources */,
				4C472C2944238BC1477A9927 /* Frameworks */,
				E377236AB83E37FCF0E7CF6A /* Resources */,
			);
			buildRules = (
			);
			dependencies = (
			);
			name = BIT101ScheduleWidget;
			productName = BIT101ScheduleWidget;
			productReference = 0382F3A6842C7256F74D4FCC /* BIT101ScheduleWidget.appex */;
			productType = "com.apple.product-type.app-extension";
		};
		C8AF9C40C472741950BEAF70 /* BIT101Watch */ = {
			isa = PBXNativeTarget;
			buildConfigurationList = 916EFE8BFF170D72CCE1CE13 /* Build configuration list for PBXNativeTarget "BIT101Watch" */;
			buildPhases = (
				B7329DD3099B96EF917410BF /* Sources */,
				BACEBF54A4CDA758F5BAEA2A /* Frameworks */,
				82FB2ADDF29ACDEDF3F87CD3 /* Resources */,
				FC107DF24576CD610F4804F3 /* Embed Foundation Extensions */,
			);
			buildRules = (
			);
			dependencies = (
				75D2E5411165946F2430D859 /* PBXTargetDependency */,
				95A1B49D80BDC828C1AEDFD9 /* PBXTargetDependency */,
			);
			name = BIT101Watch;
			productName = BIT101Watch;
			productReference = 027903073181F16453D11398 /* BIT101Watch.app */;
			productType = "com.apple.product-type.application.watchapp2";
		};
		D2FF4C952F729DB4000FA1C1 /* BIT101-iOS */ = {
			isa = PBXNativeTarget;
			buildConfigurationList = D2FF4CA12F729DB5000FA1C1 /* Build configuration list for PBXNativeTarget "BIT101-iOS" */;
			buildPhases = (
				D2FF4C922F729DB4000FA1C1 /* Sources */,
				D2FF4C932F729DB4000FA1C1 /* Frameworks */,
				D2FF4C942F729DB4000FA1C1 /* Resources */,
				524910F6664E97D0AD2254A6 /* Embed Foundation Extensions */,
				7DE3E2E83612E965A2BA07B0 /* Embed Watch Content */,
			);
			buildRules = (
			);
			dependencies = (
				63B9195EB1C2E887B0BC4A6D /* PBXTargetDependency */,
				0BA56A68ABF5ED6A9D65BFD9 /* PBXTargetDependency */,
			);
			fileSystemSynchronizedGroups = (
				D2FF4C982F729DB4000FA1C1 /* BIT101-iOS */,
			);
			name = "BIT101-iOS";
			productName = "BIT101-iOS";
			productReference = D2FF4C962F729DB4000FA1C1 /* BIT101-iOS.app */;
			productType = "com.apple.product-type.application";
		};
		E14C33A004A034143423AAE7 /* BIT101WatchWidgets */ = {
			isa = PBXNativeTarget;
			buildConfigurationList = 453A22FEB7A39D1F95247516 /* Build configuration list for PBXNativeTarget "BIT101WatchWidgets" */;
			buildPhases = (
				2322558692781FE16FC88427 /* Sources */,
				D21002A704C3E4688C5217B1 /* Frameworks */,
				18D4B100CC19CB188643D69A /* Resources */,
			);
			buildRules = (
			);
			dependencies = (
			);
			name = BIT101WatchWidgets;
			productName = BIT101WatchWidgets;
			productReference = 6C427FABBA6FB6C2CF4098BE /* BIT101WatchWidgets.appex */;
			productType = "com.apple.product-type.app-extension";
		};
/* End PBXNativeTarget section */

/* Begin PBXProject section */
		D2FF4C8E2F729DB4000FA1C1 /* Project object */ = {
			isa = PBXProject;
			attributes = {
				BuildIndependentTargetsInParallel = 1;
				LastSwiftUpdateCheck = 2630;
				LastUpgradeCheck = 2630;
				TargetAttributes = {
					D2FF4C952F729DB4000FA1C1 = {
						CreatedOnToolsVersion = 26.3;
					};
				};
			};
			buildConfigurationList = D2FF4C912F729DB4000FA1C1 /* Build configuration list for PBXProject "BIT101-iOS" */;
			developmentRegion = "zh-Hans";
			hasScannedForEncodings = 0;
			knownRegions = (
				Base,
				"zh-Hans",
			);
			mainGroup = D2FF4C8D2F729DB4000FA1C1;
			minimizedProjectReferenceProxies = 1;
			preferredProjectObjectVersion = 77;
			productRefGroup = D2FF4C972F729DB4000FA1C1 /* Products */;
			projectDirPath = "";
			projectRoot = "";
			targets = (
				D2FF4C952F729DB4000FA1C1 /* BIT101-iOS */,
				A222C4EBA765A745DE78B6CF /* BIT101ScheduleWidget */,
				C8AF9C40C472741950BEAF70 /* BIT101Watch */,
				E14C33A004A034143423AAE7 /* BIT101WatchWidgets */,
				9AE06B6F602FB7E26D7BD7BA /* BIT101WatchExtension */,
			);
		};
/* End PBXProject section */

/* Begin PBXResourcesBuildPhase section */
		18D4B100CC19CB188643D69A /* Resources */ = {
			isa = PBXResourcesBuildPhase;
			buildActionMask = 2147483647;
			files = (
			);
			runOnlyForDeploymentPostprocessing = 0;
		};
		7D31773FA0F1676C3A7747E2 /* Resources */ = {
			isa = PBXResourcesBuildPhase;
			buildActionMask = 2147483647;
			files = (
			);
			runOnlyForDeploymentPostprocessing = 0;
		};
		82FB2ADDF29ACDEDF3F87CD3 /* Resources */ = {
			isa = PBXResourcesBuildPhase;
			buildActionMask = 2147483647;
			files = (
				C0683505889D51D1ED727339 /* Assets.xcassets in Resources */,
			);
			runOnlyForDeploymentPostprocessing = 0;
		};
		D2FF4C942F729DB4000FA1C1 /* Resources */ = {
			isa = PBXResourcesBuildPhase;
			buildActionMask = 2147483647;
			files = (
			);
			runOnlyForDeploymentPostprocessing = 0;
		};
		E377236AB83E37FCF0E7CF6A /* Resources */ = {
			isa = PBXResourcesBuildPhase;
			buildActionMask = 2147483647;
			files = (
			);
			runOnlyForDeploymentPostprocessing = 0;
		};
/* End PBXResourcesBuildPhase section */

/* Begin PBXSourcesBuildPhase section */
		0EF4EDC316C0A2A17A0BF63F /* Sources */ = {
			isa = PBXSourcesBuildPhase;
			buildActionMask = 2147483647;
			files = (
				C8618324F1CB0A8EB9CB55F9 /* BIT101ScheduleWidgetBundle.swift in Sources */,
				85798F727C7A8202CDFECFA1 /* BIT101ScheduleWidget.swift in Sources */,
				7E481656A9CBB85EA5FA51AD /* ScheduleSharedSnapshot.swift in Sources */,
				14721303F52951498981FB7F /* ScheduleSharedOccurrence.swift in Sources */,
				6B9445E6F09E8957FC4C25BE /* ScheduleSharedLiveActivity.swift in Sources */,
			);
			runOnlyForDeploymentPostprocessing = 0;
		};
		2322558692781FE16FC88427 /* Sources */ = {
			isa = PBXSourcesBuildPhase;
			buildActionMask = 2147483647;
			files = (
				0D6CC15DA5636384C904E0AD /* BIT101WatchWidgetsBundle.swift in Sources */,
				8FD3C2B3B8C6D5E68B474DD7 /* BIT101WatchScheduleWidget.swift in Sources */,
				A44A833C45CA0AA37FAD6708 /* ScheduleSharedSnapshot.swift in Sources */,
				33BCD239CC2949787F9D7E6F /* ScheduleSharedOccurrence.swift in Sources */,
				46FBCFC063C5DE6022EC19D0 /* ScheduleSharedLiveActivity.swift in Sources */,
			);
			runOnlyForDeploymentPostprocessing = 0;
		};
		46FD1760B2028E6B49F8B6A6 /* Sources */ = {
			isa = PBXSourcesBuildPhase;
			buildActionMask = 2147483647;
			files = (
				86E934E59E093F63ED817276 /* BIT101WatchExtensionApp.swift in Sources */,
				F52E9C051CAF65D91825FB7A /* WatchScheduleRootView.swift in Sources */,
				80FEE566078E573A01F25942 /* ScheduleSharedSnapshot.swift in Sources */,
				86480E32AA132F273CEFA205 /* ScheduleSharedOccurrence.swift in Sources */,
				E89B1AAE46D4FFA1A056C483 /* ScheduleSharedLiveActivity.swift in Sources */,
				31C4ED6573B18E57E68C9998 /* WatchScheduleSyncManager.swift in Sources */,
			);
			runOnlyForDeploymentPostprocessing = 0;
		};
		B7329DD3099B96EF917410BF /* Sources */ = {
			isa = PBXSourcesBuildPhase;
			buildActionMask = 2147483647;
			files = (
			);
			runOnlyForDeploymentPostprocessing = 0;
		};
		D2FF4C922F729DB4000FA1C1 /* Sources */ = {
			isa = PBXSourcesBuildPhase;
			buildActionMask = 2147483647;
			files = (
			);
			runOnlyForDeploymentPostprocessing = 0;
		};
/* End PBXSourcesBuildPhase section */

/* Begin PBXTargetDependency section */
		0BA56A68ABF5ED6A9D65BFD9 /* PBXTargetDependency */ = {
			isa = PBXTargetDependency;
			name = BIT101Watch;
			target = C8AF9C40C472741950BEAF70 /* BIT101Watch */;
			targetProxy = BE604201BA457AA12707C74F /* PBXContainerItemProxy */;
		};
		63B9195EB1C2E887B0BC4A6D /* PBXTargetDependency */ = {
			isa = PBXTargetDependency;
			name = BIT101ScheduleWidget;
			platformFilter = ios;
			target = A222C4EBA765A745DE78B6CF /* BIT101ScheduleWidget */;
			targetProxy = BEB0BD40BE7DACE66198E2A6 /* PBXContainerItemProxy */;
		};
		75D2E5411165946F2430D859 /* PBXTargetDependency */ = {
			isa = PBXTargetDependency;
			name = BIT101WatchWidgets;
			target = E14C33A004A034143423AAE7 /* BIT101WatchWidgets */;
			targetProxy = 4821D067A5997FA5482510A0 /* PBXContainerItemProxy */;
		};
		95A1B49D80BDC828C1AEDFD9 /* PBXTargetDependency */ = {
			isa = PBXTargetDependency;
			name = BIT101WatchExtension;
			target = 9AE06B6F602FB7E26D7BD7BA /* BIT101WatchExtension */;
			targetProxy = F7BE3C5322D51E9DF112C5E2 /* PBXContainerItemProxy */;
		};
/* End PBXTargetDependency section */

/* Begin XCBuildConfiguration section */
		19B631471B4532818242ABCC /* Debug */ = {
			isa = XCBuildConfiguration;
			buildSettings = {
				ASSETCATALOG_COMPILER_APPICON_NAME = WatchAppIcon;
				CODE_SIGN_STYLE = Automatic;
				CURRENT_PROJECT_VERSION = 23;
				DEVELOPMENT_TEAM = Y2T72736G3;
				GENERATE_INFOPLIST_FILE = NO;
				INFOPLIST_FILE = BIT101Watch/Info.plist;
				MARKETING_VERSION = 1.5.3;
				PRODUCT_BUNDLE_IDENTIFIER = "BIT101-dev.BIT101-iOS.watchkitapp";
				PRODUCT_NAME = BIT101Watch;
				SDKROOT = watchos;
				SKIP_INSTALL = YES;
				TARGETED_DEVICE_FAMILY = 4;
				WATCHOS_DEPLOYMENT_TARGET = 10.0;
			};
			name = Debug;
		};
		23DDA852DEAD605010139282 /* Release */ = {
			isa = XCBuildConfiguration;
			buildSettings = {
				APPLICATION_EXTENSION_API_ONLY = YES;
				CODE_SIGN_ENTITLEMENTS = BIT101WatchExtension/BIT101WatchExtension.entitlements;
				CODE_SIGN_STYLE = Automatic;
				CURRENT_PROJECT_VERSION = 23;
				DEVELOPMENT_TEAM = Y2T72736G3;
				GENERATE_INFOPLIST_FILE = NO;
				INFOPLIST_FILE = BIT101WatchExtension/Info.plist;
				MARKETING_VERSION = 1.5.3;
				PRODUCT_BUNDLE_IDENTIFIER = "BIT101-dev.BIT101-iOS.watchkitapp.watchkitextension";
				PRODUCT_NAME = BIT101WatchExtension;
				SDKROOT = watchos;
				SKIP_INSTALL = YES;
				SWIFT_VERSION = 5.0;
				TARGETED_DEVICE_FAMILY = 4;
				VALIDATE_PRODUCT = YES;
				WATCHOS_DEPLOYMENT_TARGET = 10.0;
			};
			name = Release;
		};
		6009FAA3F529547D9DDBDD3B /* Debug */ = {
			isa = XCBuildConfiguration;
			buildSettings = {
				APPLICATION_EXTENSION_API_ONLY = YES;
				CLANG_ENABLE_OBJC_WEAK = NO;
				CODE_SIGN_ENTITLEMENTS = BIT101ScheduleWidget/BIT101ScheduleWidget.entitlements;
				CODE_SIGN_STYLE = Automatic;
				CURRENT_PROJECT_VERSION = 23;
				DEVELOPMENT_TEAM = Y2T72736G3;
				GENERATE_INFOPLIST_FILE = NO;
				INFOPLIST_FILE = BIT101ScheduleWidget/Info.plist;
				IPHONEOS_DEPLOYMENT_TARGET = 17.0;
				LD_RUNPATH_SEARCH_PATHS = (
					"$(inherited)",
					"@executable_path/Frameworks",
					"@executable_path/../../Frameworks",
				);
				MARKETING_VERSION = 1.5.3;
				PRODUCT_BUNDLE_IDENTIFIER = "BIT101-dev.BIT101-iOS.ScheduleWidget";
				PRODUCT_NAME = "$(TARGET_NAME)";
				SDKROOT = iphoneos;
				SKIP_INSTALL = YES;
				SUPPORTED_PLATFORMS = "iphoneos iphonesimulator";
				SUPPORTS_MACCATALYST = NO;
				SUPPORTS_MAC_DESIGNED_FOR_IPHONE_IPAD = NO;
				SUPPORTS_XR_DESIGNED_FOR_IPHONE_IPAD = NO;
				SWIFT_APPROACHABLE_CONCURRENCY = YES;
				SWIFT_DEFAULT_ACTOR_ISOLATION = MainActor;
				SWIFT_EMIT_LOC_STRINGS = YES;
				SWIFT_VERSION = 5.0;
				TARGETED_DEVICE_FAMILY = "1,2";
			};
			name = Debug;
		};
		85604DCD19DA3F63647499AB /* Debug */ = {
			isa = XCBuildConfiguration;
			buildSettings = {
				APPLICATION_EXTENSION_API_ONLY = YES;
				CODE_SIGN_ENTITLEMENTS = BIT101WatchExtension/BIT101WatchExtension.entitlements;
				CODE_SIGN_STYLE = Automatic;
				CURRENT_PROJECT_VERSION = 23;
				DEVELOPMENT_TEAM = Y2T72736G3;
				GENERATE_INFOPLIST_FILE = NO;
				INFOPLIST_FILE = BIT101WatchExtension/Info.plist;
				MARKETING_VERSION = 1.5.3;
				PRODUCT_BUNDLE_IDENTIFIER = "BIT101-dev.BIT101-iOS.watchkitapp.watchkitextension";
				PRODUCT_NAME = BIT101WatchExtension;
				SDKROOT = watchos;
				SKIP_INSTALL = YES;
				SWIFT_VERSION = 5.0;
				TARGETED_DEVICE_FAMILY = 4;
				WATCHOS_DEPLOYMENT_TARGET = 10.0;
			};
			name = Debug;
		};
		9CA0EE69C55FF3495340685A /* Release */ = {
			isa = XCBuildConfiguration;
			buildSettings = {
				APPLICATION_EXTENSION_API_ONLY = YES;
				CLANG_ENABLE_OBJC_WEAK = NO;
				CODE_SIGN_ENTITLEMENTS = BIT101ScheduleWidget/BIT101ScheduleWidget.entitlements;
				CODE_SIGN_STYLE = Automatic;
				CURRENT_PROJECT_VERSION = 23;
				DEVELOPMENT_TEAM = Y2T72736G3;
				GENERATE_INFOPLIST_FILE = NO;
				INFOPLIST_FILE = BIT101ScheduleWidget/Info.plist;
				IPHONEOS_DEPLOYMENT_TARGET = 17.0;
				LD_RUNPATH_SEARCH_PATHS = (
					"$(inherited)",
					"@executable_path/Frameworks",
					"@executable_path/../../Frameworks",
				);
				MARKETING_VERSION = 1.5.3;
				PRODUCT_BUNDLE_IDENTIFIER = "BIT101-dev.BIT101-iOS.ScheduleWidget";
				PRODUCT_NAME = "$(TARGET_NAME)";
				SDKROOT = iphoneos;
				SKIP_INSTALL = YES;
				SUPPORTED_PLATFORMS = "iphoneos iphonesimulator";
				SUPPORTS_MACCATALYST = NO;
				SUPPORTS_MAC_DESIGNED_FOR_IPHONE_IPAD = NO;
				SUPPORTS_XR_DESIGNED_FOR_IPHONE_IPAD = NO;
				SWIFT_APPROACHABLE_CONCURRENCY = YES;
				SWIFT_DEFAULT_ACTOR_ISOLATION = MainActor;
				SWIFT_EMIT_LOC_STRINGS = YES;
				SWIFT_VERSION = 5.0;
				TARGETED_DEVICE_FAMILY = "1,2";
				VALIDATE_PRODUCT = YES;
			};
			name = Release;
		};
		D07E615D31E6767279F0B431 /* Debug */ = {
			isa = XCBuildConfiguration;
			buildSettings = {
				APPLICATION_EXTENSION_API_ONLY = YES;
				CODE_SIGN_ENTITLEMENTS = BIT101WatchWidgets/BIT101WatchWidgets.entitlements;
				CODE_SIGN_STYLE = Automatic;
				CURRENT_PROJECT_VERSION = 23;
				DEVELOPMENT_TEAM = Y2T72736G3;
				GENERATE_INFOPLIST_FILE = NO;
				INFOPLIST_FILE = BIT101WatchWidgets/Info.plist;
				MARKETING_VERSION = 1.5.3;
				PRODUCT_BUNDLE_IDENTIFIER = "BIT101-dev.BIT101-iOS.watchkitapp.widgets";
				PRODUCT_NAME = BIT101WatchWidgets;
				SDKROOT = watchos;
				SKIP_INSTALL = YES;
				SWIFT_VERSION = 5.0;
				TARGETED_DEVICE_FAMILY = 4;
				WATCHOS_DEPLOYMENT_TARGET = 10.0;
			};
			name = Debug;
		};
		D2FF4C9F2F729DB5000FA1C1 /* Debug */ = {
			isa = XCBuildConfiguration;
			buildSettings = {
				ALWAYS_SEARCH_USER_PATHS = NO;
				ASSETCATALOG_COMPILER_GENERATE_SWIFT_ASSET_SYMBOL_EXTENSIONS = YES;
				CLANG_ANALYZER_NONNULL = YES;
				CLANG_ANALYZER_NUMBER_OBJECT_CONVERSION = YES_AGGRESSIVE;
				CLANG_CXX_LANGUAGE_STANDARD = "gnu++20";
				CLANG_ENABLE_MODULES = YES;
				CLANG_ENABLE_OBJC_ARC = YES;
				CLANG_ENABLE_OBJC_WEAK = YES;
				CLANG_WARN_BLOCK_CAPTURE_AUTORELEASING = YES;
				CLANG_WARN_BOOL_CONVERSION = YES;
				CLANG_WARN_COMMA = YES;
				CLANG_WARN_CONSTANT_CONVERSION = YES;
				CLANG_WARN_DEPRECATED_OBJC_IMPLEMENTATIONS = YES;
				CLANG_WARN_DIRECT_OBJC_ISA_USAGE = YES_ERROR;
				CLANG_WARN_DOCUMENTATION_COMMENTS = YES;
				CLANG_WARN_EMPTY_BODY = YES;
				CLANG_WARN_ENUM_CONVERSION = YES;
				CLANG_WARN_INFINITE_RECURSION = YES;
				CLANG_WARN_INT_CONVERSION = YES;
				CLANG_WARN_NON_LITERAL_NULL_CONVERSION = YES;
				CLANG_WARN_OBJC_IMPLICIT_RETAIN_SELF = YES;
				CLANG_WARN_OBJC_LITERAL_CONVERSION = YES;
				CLANG_WARN_OBJC_ROOT_CLASS = YES_ERROR;
				CLANG_WARN_QUOTED_INCLUDE_IN_FRAMEWORK_HEADER = YES;
				CLANG_WARN_RANGE_LOOP_ANALYSIS = YES;
				CLANG_WARN_STRICT_PROTOTYPES = YES;
				CLANG_WARN_SUSPICIOUS_MOVE = YES;
				CLANG_WARN_UNGUARDED_AVAILABILITY = YES_AGGRESSIVE;
				CLANG_WARN_UNREACHABLE_CODE = YES;
				CLANG_WARN__DUPLICATE_METHOD_MATCH = YES;
				COPY_PHASE_STRIP = NO;
				DEBUG_INFORMATION_FORMAT = dwarf;
				DEVELOPMENT_TEAM = U876TAD787;
				ENABLE_STRICT_OBJC_MSGSEND = YES;
				ENABLE_TESTABILITY = YES;
				ENABLE_USER_SCRIPT_SANDBOXING = YES;
				GCC_C_LANGUAGE_STANDARD = gnu17;
				GCC_DYNAMIC_NO_PIC = NO;
				GCC_NO_COMMON_BLOCKS = YES;
				GCC_OPTIMIZATION_LEVEL = 0;
				GCC_PREPROCESSOR_DEFINITIONS = (
					"DEBUG=1",
					"$(inherited)",
				);
				GCC_WARN_64_TO_32_BIT_CONVERSION = YES;
				GCC_WARN_ABOUT_RETURN_TYPE = YES_ERROR;
				GCC_WARN_UNDECLARED_SELECTOR = YES;
				GCC_WARN_UNINITIALIZED_AUTOS = YES_AGGRESSIVE;
				GCC_WARN_UNUSED_FUNCTION = YES;
				GCC_WARN_UNUSED_VARIABLE = YES;
				IPHONEOS_DEPLOYMENT_TARGET = 17.0;
				LOCALIZATION_PREFERS_STRING_CATALOGS = YES;
				MTL_ENABLE_DEBUG_INFO = INCLUDE_SOURCE;
				MTL_FAST_MATH = YES;
				ONLY_ACTIVE_ARCH = NO;
				SDKROOT = iphoneos;
				SWIFT_ACTIVE_COMPILATION_CONDITIONS = "DEBUG $(inherited)";
				SWIFT_OPTIMIZATION_LEVEL = "-Onone";
			};
			name = Debug;
		};
		D2FF4CA02F729DB5000FA1C1 /* Release */ = {
			isa = XCBuildConfiguration;
			buildSettings = {
				ALWAYS_SEARCH_USER_PATHS = NO;
				ASSETCATALOG_COMPILER_GENERATE_SWIFT_ASSET_SYMBOL_EXTENSIONS = YES;
				CLANG_ANALYZER_NONNULL = YES;
				CLANG_ANALYZER_NUMBER_OBJECT_CONVERSION = YES_AGGRESSIVE;
				CLANG_CXX_LANGUAGE_STANDARD = "gnu++20";
				CLANG_ENABLE_MODULES = YES;
				CLANG_ENABLE_OBJC_ARC = YES;
				CLANG_ENABLE_OBJC_WEAK = YES;
				CLANG_WARN_BLOCK_CAPTURE_AUTORELEASING = YES;
				CLANG_WARN_BOOL_CONVERSION = YES;
				CLANG_WARN_COMMA = YES;
				CLANG_WARN_CONSTANT_CONVERSION = YES;
				CLANG_WARN_DEPRECATED_OBJC_IMPLEMENTATIONS = YES;
				CLANG_WARN_DIRECT_OBJC_ISA_USAGE = YES_ERROR;
				CLANG_WARN_DOCUMENTATION_COMMENTS = YES;
				CLANG_WARN_EMPTY_BODY = YES;
				CLANG_WARN_ENUM_CONVERSION = YES;
				CLANG_WARN_INFINITE_RECURSION = YES;
				CLANG_WARN_INT_CONVERSION = YES;
				CLANG_WARN_NON_LITERAL_NULL_CONVERSION = YES;
				CLANG_WARN_OBJC_IMPLICIT_RETAIN_SELF = YES;
				CLANG_WARN_OBJC_LITERAL_CONVERSION = YES;
				CLANG_WARN_OBJC_ROOT_CLASS = YES_ERROR;
				CLANG_WARN_QUOTED_INCLUDE_IN_FRAMEWORK_HEADER = YES;
				CLANG_WARN_RANGE_LOOP_ANALYSIS = YES;
				CLANG_WARN_STRICT_PROTOTYPES = YES;
				CLANG_WARN_SUSPICIOUS_MOVE = YES;
				CLANG_WARN_UNGUARDED_AVAILABILITY = YES_AGGRESSIVE;
				CLANG_WARN_UNREACHABLE_CODE = YES;
				CLANG_WARN__DUPLICATE_METHOD_MATCH = YES;
				COPY_PHASE_STRIP = NO;
				DEBUG_INFORMATION_FORMAT = "dwarf-with-dsym";
				DEVELOPMENT_TEAM = U876TAD787;
				ENABLE_NS_ASSERTIONS = NO;
				ENABLE_STRICT_OBJC_MSGSEND = YES;
				ENABLE_USER_SCRIPT_SANDBOXING = YES;
				GCC_C_LANGUAGE_STANDARD = gnu17;
				GCC_NO_COMMON_BLOCKS = YES;
				GCC_WARN_64_TO_32_BIT_CONVERSION = YES;
				GCC_WARN_ABOUT_RETURN_TYPE = YES_ERROR;
				GCC_WARN_UNDECLARED_SELECTOR = YES;
				GCC_WARN_UNINITIALIZED_AUTOS = YES_AGGRESSIVE;
				GCC_WARN_UNUSED_FUNCTION = YES;
				GCC_WARN_UNUSED_VARIABLE = YES;
				IPHONEOS_DEPLOYMENT_TARGET = 17.0;
				LOCALIZATION_PREFERS_STRING_CATALOGS = YES;
				MTL_ENABLE_DEBUG_INFO = NO;
				MTL_FAST_MATH = YES;
				SDKROOT = iphoneos;
				SWIFT_COMPILATION_MODE = wholemodule;
				VALIDATE_PRODUCT = YES;
			};
			name = Release;
		};
		D2FF4CA22F729DB5000FA1C1 /* Debug */ = {
			isa = XCBuildConfiguration;
			buildSettings = {
				ASSETCATALOG_COMPILER_APPICON_NAME = AppIcon;
				ASSETCATALOG_COMPILER_GLOBAL_ACCENT_COLOR_NAME = AccentColor;
				CODE_SIGN_ENTITLEMENTS = "BIT101-iOS/BIT101-iOS.entitlements";
				CODE_SIGN_STYLE = Automatic;
				CURRENT_PROJECT_VERSION = 23;
				DEVELOPMENT_TEAM = Y2T72736G3;
				ENABLE_PREVIEWS = YES;
				GENERATE_INFOPLIST_FILE = NO;
				INFOPLIST_FILE = AppInfo.plist;
				IPHONEOS_DEPLOYMENT_TARGET = 17.0;
				LD_RUNPATH_SEARCH_PATHS = (
					"$(inherited)",
					"@executable_path/Frameworks",
				);
				MARKETING_VERSION = 1.5.3;
				PRODUCT_BUNDLE_IDENTIFIER = "BIT101-dev.BIT101-iOS";
				PRODUCT_NAME = "$(TARGET_NAME)";
				STRING_CATALOG_GENERATE_SYMBOLS = YES;
				SUPPORTED_PLATFORMS = "iphoneos iphonesimulator";
				SUPPORTS_MACCATALYST = YES;
				SUPPORTS_MAC_DESIGNED_FOR_IPHONE_IPAD = NO;
				SUPPORTS_XR_DESIGNED_FOR_IPHONE_IPAD = NO;
				SWIFT_APPROACHABLE_CONCURRENCY = YES;
				SWIFT_DEFAULT_ACTOR_ISOLATION = MainActor;
				SWIFT_EMIT_LOC_STRINGS = YES;
				SWIFT_UPCOMING_FEATURE_MEMBER_IMPORT_VISIBILITY = YES;
				SWIFT_VERSION = 5.0;
				TARGETED_DEVICE_FAMILY = "1,2";
			};
			name = Debug;
		};
		D2FF4CA32F729DB5000FA1C1 /* Release */ = {
			isa = XCBuildConfiguration;
			buildSettings = {
				ASSETCATALOG_COMPILER_APPICON_NAME = AppIcon;
				ASSETCATALOG_COMPILER_GLOBAL_ACCENT_COLOR_NAME = AccentColor;
				CODE_SIGN_ENTITLEMENTS = "BIT101-iOS/BIT101-iOS.entitlements";
				CODE_SIGN_STYLE = Automatic;
				CURRENT_PROJECT_VERSION = 23;
				DEVELOPMENT_TEAM = Y2T72736G3;
				ENABLE_PREVIEWS = YES;
				GENERATE_INFOPLIST_FILE = NO;
				INFOPLIST_FILE = AppInfo.plist;
				IPHONEOS_DEPLOYMENT_TARGET = 17.0;
				LD_RUNPATH_SEARCH_PATHS = (
					"$(inherited)",
					"@executable_path/Frameworks",
				);
				MARKETING_VERSION = 1.5.3;
				PRODUCT_BUNDLE_IDENTIFIER = "BIT101-dev.BIT101-iOS";
				PRODUCT_NAME = "$(TARGET_NAME)";
				STRING_CATALOG_GENERATE_SYMBOLS = YES;
				SUPPORTED_PLATFORMS = "iphoneos iphonesimulator";
				SUPPORTS_MACCATALYST = YES;
				SUPPORTS_MAC_DESIGNED_FOR_IPHONE_IPAD = NO;
				SUPPORTS_XR_DESIGNED_FOR_IPHONE_IPAD = NO;
				SWIFT_APPROACHABLE_CONCURRENCY = YES;
				SWIFT_DEFAULT_ACTOR_ISOLATION = MainActor;
				SWIFT_EMIT_LOC_STRINGS = YES;
				SWIFT_UPCOMING_FEATURE_MEMBER_IMPORT_VISIBILITY = YES;
				SWIFT_VERSION = 5.0;
				TARGETED_DEVICE_FAMILY = "1,2";
			};
			name = Release;
		};
		E0F0D7CC0968490A7C519DA6 /* Release */ = {
			isa = XCBuildConfiguration;
			buildSettings = {
				APPLICATION_EXTENSION_API_ONLY = YES;
				CODE_SIGN_ENTITLEMENTS = BIT101WatchWidgets/BIT101WatchWidgets.entitlements;
				CODE_SIGN_STYLE = Automatic;
				CURRENT_PROJECT_VERSION = 23;
				DEVELOPMENT_TEAM = Y2T72736G3;
				GENERATE_INFOPLIST_FILE = NO;
				INFOPLIST_FILE = BIT101WatchWidgets/Info.plist;
				MARKETING_VERSION = 1.5.3;
				PRODUCT_BUNDLE_IDENTIFIER = "BIT101-dev.BIT101-iOS.watchkitapp.widgets";
				PRODUCT_NAME = BIT101WatchWidgets;
				SDKROOT = watchos;
				SKIP_INSTALL = YES;
				SWIFT_VERSION = 5.0;
				TARGETED_DEVICE_FAMILY = 4;
				VALIDATE_PRODUCT = YES;
				WATCHOS_DEPLOYMENT_TARGET = 10.0;
			};
			name = Release;
		};
		F1E47474898F309716A35E58 /* Release */ = {
			isa = XCBuildConfiguration;
			buildSettings = {
				ASSETCATALOG_COMPILER_APPICON_NAME = WatchAppIcon;
				CODE_SIGN_STYLE = Automatic;
				CURRENT_PROJECT_VERSION = 23;
				DEVELOPMENT_TEAM = Y2T72736G3;
				GENERATE_INFOPLIST_FILE = NO;
				INFOPLIST_FILE = BIT101Watch/Info.plist;
				MARKETING_VERSION = 1.5.3;
				PRODUCT_BUNDLE_IDENTIFIER = "BIT101-dev.BIT101-iOS.watchkitapp";
				PRODUCT_NAME = BIT101Watch;
				SDKROOT = watchos;
				SKIP_INSTALL = YES;
				TARGETED_DEVICE_FAMILY = 4;
				VALIDATE_PRODUCT = YES;
				WATCHOS_DEPLOYMENT_TARGET = 10.0;
			};
			name = Release;
		};
/* End XCBuildConfiguration section */

/* Begin XCConfigurationList section */
		453A22FEB7A39D1F95247516 /* Build configuration list for PBXNativeTarget "BIT101WatchWidgets" */ = {
			isa = XCConfigurationList;
			buildConfigurations = (
				E0F0D7CC0968490A7C519DA6 /* Release */,
				D07E615D31E6767279F0B431 /* Debug */,
			);
			defaultConfigurationIsVisible = 0;
			defaultConfigurationName = Release;
		};
		916EFE8BFF170D72CCE1CE13 /* Build configuration list for PBXNativeTarget "BIT101Watch" */ = {
			isa = XCConfigurationList;
			buildConfigurations = (
				F1E47474898F309716A35E58 /* Release */,
				19B631471B4532818242ABCC /* Debug */,
			);
			defaultConfigurationIsVisible = 0;
			defaultConfigurationName = Release;
		};
		BCE0D790BA4FB403AF856446 /* Build configuration list for PBXNativeTarget "BIT101WatchExtension" */ = {
			isa = XCConfigurationList;
			buildConfigurations = (
				23DDA852DEAD605010139282 /* Release */,
				85604DCD19DA3F63647499AB /* Debug */,
			);
			defaultConfigurationIsVisible = 0;
			defaultConfigurationName = Release;
		};
		D2FF4C912F729DB4000FA1C1 /* Build configuration list for PBXProject "BIT101-iOS" */ = {
			isa = XCConfigurationList;
			buildConfigurations = (
				D2FF4C9F2F729DB5000FA1C1 /* Debug */,
				D2FF4CA02F729DB5000FA1C1 /* Release */,
			);
			defaultConfigurationIsVisible = 0;
			defaultConfigurationName = Release;
		};
		D2FF4CA12F729DB5000FA1C1 /* Build configuration list for PBXNativeTarget "BIT101-iOS" */ = {
			isa = XCConfigurationList;
			buildConfigurations = (
				D2FF4CA22F729DB5000FA1C1 /* Debug */,
				D2FF4CA32F729DB5000FA1C1 /* Release */,
			);
			defaultConfigurationIsVisible = 0;
			defaultConfigurationName = Release;
		};
		F1F65253CDF96455497F6E74 /* Build configuration list for PBXNativeTarget "BIT101ScheduleWidget" */ = {
			isa = XCConfigurationList;
			buildConfigurations = (
				9CA0EE69C55FF3495340685A /* Release */,
				6009FAA3F529547D9DDBDD3B /* Debug */,
			);
			defaultConfigurationIsVisible = 0;
			defaultConfigurationName = Release;
		};
/* End XCConfigurationList section */
	};
	rootObject = D2FF4C8E2F729DB4000FA1C1 /* Project object */;
}
