// !$*UTF8*$!
{
	archiveVersion = 1;
	classes = {
	};
	objectVersion = 77;
	objects = {

/* Begin PBXBuildFile section */
		85798F727C7A8202CDFECFA1 /* BIT101ScheduleWidget.swift in Sources */ = {isa = PBXBuildFile; fileRef = F1E4DE63842E0A7A6C0DE9F9 /* BIT101ScheduleWidget.swift */; };
		B979F16E6900E1E884772F00 /* Foundation.framework in Frameworks */ = {isa = PBXBuildFile; fileRef = C87F2B27CDB14AC63D666139 /* Foundation.framework */; };
		C8618324F1CB0A8EB9CB55F9 /* BIT101ScheduleWidgetBundle.swift in Sources */ = {isa = PBXBuildFile; fileRef = 66582305EDF75198F3070B6C /* BIT101ScheduleWidgetBundle.swift */; };
		F65927450E15455FB026D9C1 /* BIT101ScheduleWidget.appex in Embed App Extensions */ = {isa = PBXBuildFile; fileRef = 0382F3A6842C7256F74D4FCC /* BIT101ScheduleWidget.appex */; platformFilter = ios; settings = {ATTRIBUTES = (CodeSignOnCopy, RemoveHeadersOnCopy, ); }; };
/* End PBXBuildFile section */

/* Begin PBXContainerItemProxy section */
		BEB0BD40BE7DACE66198E2A6 /* PBXContainerItemProxy */ = {
			isa = PBXContainerItemProxy;
			containerPortal = D2FF4C8E2F729DB4000FA1C1 /* Project object */;
			proxyType = 1;
			remoteGlobalIDString = A222C4EBA765A745DE78B6CF;
			remoteInfo = BIT101ScheduleWidget;
		};
/* End PBXContainerItemProxy section */

/* Begin PBXCopyFilesBuildPhase section */
		524910F6664E97D0AD2254A6 /* Embed App Extensions */ = {
			isa = PBXCopyFilesBuildPhase;
			buildActionMask = 2147483647;
			dstPath = "";
			dstSubfolderSpec = 13;
			files = (
				F65927450E15455FB026D9C1 /* BIT101ScheduleWidget.appex in Embed App Extensions */,
			);
			name = "Embed App Extensions";
			runOnlyForDeploymentPostprocessing = 0;
		};
/* End PBXCopyFilesBuildPhase section */

/* Begin PBXFileReference section */
		0382F3A6842C7256F74D4FCC /* BIT101ScheduleWidget.appex */ = {isa = PBXFileReference; explicitFileType = "wrapper.app-extension"; includeInIndex = 0; path = BIT101ScheduleWidget.appex; sourceTree = BUILT_PRODUCTS_DIR; };
		66582305EDF75198F3070B6C /* BIT101ScheduleWidgetBundle.swift */ = {isa = PBXFileReference; includeInIndex = 1; lastKnownFileType = sourcecode.swift; path = BIT101ScheduleWidgetBundle.swift; sourceTree = "<group>"; };
		96F117AE4D80C6B7B073E4F8 /* Info.plist */ = {isa = PBXFileReference; includeInIndex = 1; lastKnownFileType = text.plist.xml; path = Info.plist; sourceTree = "<group>"; };
		C87F2B27CDB14AC63D666139 /* Foundation.framework */ = {isa = PBXFileReference; lastKnownFileType = wrapper.framework; name = Foundation.framework; path = Platforms/iPhoneOS.platform/Developer/SDKs/iPhoneOS18.0.sdk/System/Library/Frameworks/Foundation.framework; sourceTree = DEVELOPER_DIR; };
		D2FF4C962F729DB4000FA1C1 /* BIT101-iOS.app */ = {isa = PBXFileReference; explicitFileType = wrapper.application; includeInIndex = 0; path = "BIT101-iOS.app"; sourceTree = BUILT_PRODUCTS_DIR; };
		F1E4DE63842E0A7A6C0DE9F9 /* BIT101ScheduleWidget.swift */ = {isa = PBXFileReference; includeInIndex = 1; lastKnownFileType = sourcecode.swift; path = BIT101ScheduleWidget.swift; sourceTree = "<group>"; };
		F49E2B4B4D5BE4DD9D59BDF1 /* BIT101ScheduleWidget.entitlements */ = {isa = PBXFileReference; includeInIndex = 1; lastKnownFileType = text.plist.entitlements; path = BIT101ScheduleWidget.entitlements; sourceTree = "<group>"; };
/* End PBXFileReference section */

/* Begin PBXFileSystemSynchronizedRootGroup section */
		D2FF4C982F729DB4000FA1C1 /* BIT101-iOS */ = {
			isa = PBXFileSystemSynchronizedRootGroup;
			path = "BIT101-iOS";
			sourceTree = "<group>";
		};
/* End PBXFileSystemSynchronizedRootGroup section */

/* Begin PBXFrameworksBuildPhase section */
		4C472C2944238BC1477A9927 /* Frameworks */ = {
			isa = PBXFrameworksBuildPhase;
			buildActionMask = 2147483647;
			files = (
				B979F16E6900E1E884772F00 /* Foundation.framework in Frameworks */,
			);
			runOnlyForDeploymentPostprocessing = 0;
		};
		D2FF4C932F729DB4000FA1C1 /* Frameworks */ = {
			isa = PBXFrameworksBuildPhase;
			buildActionMask = 2147483647;
			files = (
			);
			runOnlyForDeploymentPostprocessing = 0;
		};
/* End PBXFrameworksBuildPhase section */

/* Begin PBXGroup section */
		004DE69434B9FEF2A654EB3C /* BIT101ScheduleWidget */ = {
			isa = PBXGroup;
			children = (
				66582305EDF75198F3070B6C /* BIT101ScheduleWidgetBundle.swift */,
				F1E4DE63842E0A7A6C0DE9F9 /* BIT101ScheduleWidget.swift */,
				96F117AE4D80C6B7B073E4F8 /* Info.plist */,
				F49E2B4B4D5BE4DD9D59BDF1 /* BIT101ScheduleWidget.entitlements */,
			);
			path = BIT101ScheduleWidget;
			sourceTree = "<group>";
		};
		42C7F57DD5129097016A8644 /* iOS */ = {
			isa = PBXGroup;
			children = (
				C87F2B27CDB14AC63D666139 /* Foundation.framework */,
			);
			name = iOS;
			sourceTree = "<group>";
		};
		CDE5796C86F63D4361DA19D7 /* Frameworks */ = {
			isa = PBXGroup;
			children = (
				42C7F57DD5129097016A8644 /* iOS */,
			);
			name = Frameworks;
			sourceTree = "<group>";
		};
		D2FF4C8D2F729DB4000FA1C1 = {
			isa = PBXGroup;
			children = (
				D2FF4C982F729DB4000FA1C1 /* BIT101-iOS */,
				D2FF4C972F729DB4000FA1C1 /* Products */,
				CDE5796C86F63D4361DA19D7 /* Frameworks */,
				004DE69434B9FEF2A654EB3C /* BIT101ScheduleWidget */,
			);
			sourceTree = "<group>";
		};
		D2FF4C972F729DB4000FA1C1 /* Products */ = {
			isa = PBXGroup;
			children = (
				D2FF4C962F729DB4000FA1C1 /* BIT101-iOS.app */,
				0382F3A6842C7256F74D4FCC /* BIT101ScheduleWidget.appex */,
			);
			name = Products;
			sourceTree = "<group>";
		};
/* End PBXGroup section */

/* Begin PBXNativeTarget section */
		A222C4EBA765A745DE78B6CF /* BIT101ScheduleWidget */ = {
			isa = PBXNativeTarget;
			buildConfigurationList = F1F65253CDF96455497F6E74 /* Build configuration list for PBXNativeTarget "BIT101ScheduleWidget" */;
			buildPhases = (
				0EF4EDC316C0A2A17A0BF63F /* Sources */,
				4C472C2944238BC1477A9927 /* Frameworks */,
				E377236AB83E37FCF0E7CF6A /* Resources */,
			);
			buildRules = (
			);
			dependencies = (
			);
			name = BIT101ScheduleWidget;
			productName = BIT101ScheduleWidget;
			productReference = 0382F3A6842C7256F74D4FCC /* BIT101ScheduleWidget.appex */;
			productType = "com.apple.product-type.app-extension";
		};
		D2FF4C952F729DB4000FA1C1 /* BIT101-iOS */ = {
			isa = PBXNativeTarget;
			buildConfigurationList = D2FF4CA12F729DB5000FA1C1 /* Build configuration list for PBXNativeTarget "BIT101-iOS" */;
			buildPhases = (
				D2FF4C922F729DB4000FA1C1 /* Sources */,
				D2FF4C932F729DB4000FA1C1 /* Frameworks */,
				D2FF4C942F729DB4000FA1C1 /* Resources */,
				524910F6664E97D0AD2254A6 /* Embed App Extensions */,
			);
			buildRules = (
			);
			dependencies = (
				63B9195EB1C2E887B0BC4A6D /* PBXTargetDependency */,
			);
			fileSystemSynchronizedGroups = (
				D2FF4C982F729DB4000FA1C1 /* BIT101-iOS */,
			);
			name = "BIT101-iOS";
			productName = "BIT101-iOS";
			productReference = D2FF4C962F729DB4000FA1C1 /* BIT101-iOS.app */;
			productType = "com.apple.product-type.application";
		};
/* End PBXNativeTarget section */

/* Begin PBXProject section */
		D2FF4C8E2F729DB4000FA1C1 /* Project object */ = {
			isa = PBXProject;
			attributes = {
				BuildIndependentTargetsInParallel = 1;
				LastSwiftUpdateCheck = 2630;
				LastUpgradeCheck = 2630;
				TargetAttributes = {
					D2FF4C952F729DB4000FA1C1 = {
						CreatedOnToolsVersion = 26.3;
					};
				};
			};
			buildConfigurationList = D2FF4C912F729DB4000FA1C1 /* Build configuration list for PBXProject "BIT101-iOS" */;
			developmentRegion = "zh-Hans";
			hasScannedForEncodings = 0;
			knownRegions = (
				Base,
				"zh-Hans",
			);
			mainGroup = D2FF4C8D2F729DB4000FA1C1;
			minimizedProjectReferenceProxies = 1;
			preferredProjectObjectVersion = 77;
			productRefGroup = D2FF4C972F729DB4000FA1C1 /* Products */;
			projectDirPath = "";
			projectRoot = "";
			targets = (
				D2FF4C952F729DB4000FA1C1 /* BIT101-iOS */,
				A222C4EBA765A745DE78B6CF /* BIT101ScheduleWidget */,
			);
		};
/* End PBXProject section */

/* Begin PBXResourcesBuildPhase section */
		D2FF4C942F729DB4000FA1C1 /* Resources */ = {
			isa = PBXResourcesBuildPhase;
			buildActionMask = 2147483647;
			files = (
			);
			runOnlyForDeploymentPostprocessing = 0;
		};
		E377236AB83E37FCF0E7CF6A /* Resources */ = {
			isa = PBXResourcesBuildPhase;
			buildActionMask = 2147483647;
			files = (
			);
			runOnlyForDeploymentPostprocessing = 0;
		};
/* End PBXResourcesBuildPhase section */

/* Begin PBXSourcesBuildPhase section */
		0EF4EDC316C0A2A17A0BF63F /* Sources */ = {
			isa = PBXSourcesBuildPhase;
			buildActionMask = 2147483647;
			files = (
				C8618324F1CB0A8EB9CB55F9 /* BIT101ScheduleWidgetBundle.swift in Sources */,
				85798F727C7A8202CDFECFA1 /* BIT101ScheduleWidget.swift in Sources */,
			);
			runOnlyForDeploymentPostprocessing = 0;
		};
		D2FF4C922F729DB4000FA1C1 /* Sources */ = {
			isa = PBXSourcesBuildPhase;
			buildActionMask = 2147483647;
			files = (
			);
			runOnlyForDeploymentPostprocessing = 0;
		};
/* End PBXSourcesBuildPhase section */

/* Begin PBXTargetDependency section */
		63B9195EB1C2E887B0BC4A6D /* PBXTargetDependency */ = {
			isa = PBXTargetDependency;
			name = BIT101ScheduleWidget;
			platformFilter = ios;
			target = A222C4EBA765A745DE78B6CF /* BIT101ScheduleWidget */;
			targetProxy = BEB0BD40BE7DACE66198E2A6 /* PBXContainerItemProxy */;
		};
/* End PBXTargetDependency section */

/* Begin XCBuildConfiguration section */
		6009FAA3F529547D9DDBDD3B /* Debug */ = {
			isa = XCBuildConfiguration;
			buildSettings = {
				APPLICATION_EXTENSION_API_ONLY = YES;
				CLANG_ENABLE_OBJC_WEAK = NO;
				CODE_SIGN_ENTITLEMENTS = BIT101ScheduleWidget/BIT101ScheduleWidget.entitlements;
				CODE_SIGN_STYLE = Automatic;
				CURRENT_PROJECT_VERSION = 12;
				DEVELOPMENT_TEAM = Y2T72736G3;
				GENERATE_INFOPLIST_FILE = NO;
				INFOPLIST_FILE = BIT101ScheduleWidget/Info.plist;
				IPHONEOS_DEPLOYMENT_TARGET = 18.6;
				LD_RUNPATH_SEARCH_PATHS = (
					"$(inherited)",
					"@executable_path/Frameworks",
					"@executable_path/../../Frameworks",
				);
				MARKETING_VERSION = 1.2.1;
				PRODUCT_BUNDLE_IDENTIFIER = "BIT101-dev.BIT101-iOS.ScheduleWidget";
				PRODUCT_NAME = "$(TARGET_NAME)";
				SDKROOT = iphoneos;
				SKIP_INSTALL = YES;
				SUPPORTED_PLATFORMS = "iphoneos iphonesimulator";
				SUPPORTS_MACCATALYST = NO;
				SUPPORTS_MAC_DESIGNED_FOR_IPHONE_IPAD = NO;
				SUPPORTS_XR_DESIGNED_FOR_IPHONE_IPAD = NO;
				SWIFT_APPROACHABLE_CONCURRENCY = YES;
				SWIFT_DEFAULT_ACTOR_ISOLATION = MainActor;
				SWIFT_EMIT_LOC_STRINGS = YES;
				SWIFT_VERSION = 5.0;
				TARGETED_DEVICE_FAMILY = "1,2";
			};
			name = Debug;
		};
		9CA0EE69C55FF3495340685A /* Release */ = {
			isa = XCBuildConfiguration;
			buildSettings = {
				APPLICATION_EXTENSION_API_ONLY = YES;
				CLANG_ENABLE_OBJC_WEAK = NO;
				CODE_SIGN_ENTITLEMENTS = BIT101ScheduleWidget/BIT101ScheduleWidget.entitlements;
				CODE_SIGN_STYLE = Automatic;
				CURRENT_PROJECT_VERSION = 12;
				DEVELOPMENT_TEAM = Y2T72736G3;
				GENERATE_INFOPLIST_FILE = NO;
				INFOPLIST_FILE = BIT101ScheduleWidget/Info.plist;
				IPHONEOS_DEPLOYMENT_TARGET = 18.6;
				LD_RUNPATH_SEARCH_PATHS = (
					"$(inherited)",
					"@executable_path/Frameworks",
					"@executable_path/../../Frameworks",
				);
				MARKETING_VERSION = 1.2.1;
				PRODUCT_BUNDLE_IDENTIFIER = "BIT101-dev.BIT101-iOS.ScheduleWidget";
				PRODUCT_NAME = "$(TARGET_NAME)";
				SDKROOT = iphoneos;
				SKIP_INSTALL = YES;
				SUPPORTED_PLATFORMS = "iphoneos iphonesimulator";
				SUPPORTS_MACCATALYST = NO;
				SUPPORTS_MAC_DESIGNED_FOR_IPHONE_IPAD = NO;
				SUPPORTS_XR_DESIGNED_FOR_IPHONE_IPAD = NO;
				SWIFT_APPROACHABLE_CONCURRENCY = YES;
				SWIFT_DEFAULT_ACTOR_ISOLATION = MainActor;
				SWIFT_EMIT_LOC_STRINGS = YES;
				SWIFT_VERSION = 5.0;
				TARGETED_DEVICE_FAMILY = "1,2";
				VALIDATE_PRODUCT = YES;
			};
			name = Release;
		};
		D2FF4C9F2F729DB5000FA1C1 /* Debug */ = {
			isa = XCBuildConfiguration;
			buildSettings = {
				ALWAYS_SEARCH_USER_PATHS = NO;
				ASSETCATALOG_COMPILER_GENERATE_SWIFT_ASSET_SYMBOL_EXTENSIONS = YES;
				CLANG_ANALYZER_NONNULL = YES;
				CLANG_ANALYZER_NUMBER_OBJECT_CONVERSION = YES_AGGRESSIVE;
				CLANG_CXX_LANGUAGE_STANDARD = "gnu++20";
				CLANG_ENABLE_MODULES = YES;
				CLANG_ENABLE_OBJC_ARC = YES;
				CLANG_ENABLE_OBJC_WEAK = YES;
				CLANG_WARN_BLOCK_CAPTURE_AUTORELEASING = YES;
				CLANG_WARN_BOOL_CONVERSION = YES;
				CLANG_WARN_COMMA = YES;
				CLANG_WARN_CONSTANT_CONVERSION = YES;
				CLANG_WARN_DEPRECATED_OBJC_IMPLEMENTATIONS = YES;
				CLANG_WARN_DIRECT_OBJC_ISA_USAGE = YES_ERROR;
				CLANG_WARN_DOCUMENTATION_COMMENTS = YES;
				CLANG_WARN_EMPTY_BODY = YES;
				CLANG_WARN_ENUM_CONVERSION = YES;
				CLANG_WARN_INFINITE_RECURSION = YES;
				CLANG_WARN_INT_CONVERSION = YES;
				CLANG_WARN_NON_LITERAL_NULL_CONVERSION = YES;
				CLANG_WARN_OBJC_IMPLICIT_RETAIN_SELF = YES;
				CLANG_WARN_OBJC_LITERAL_CONVERSION = YES;
				CLANG_WARN_OBJC_ROOT_CLASS = YES_ERROR;
				CLANG_WARN_QUOTED_INCLUDE_IN_FRAMEWORK_HEADER = YES;
				CLANG_WARN_RANGE_LOOP_ANALYSIS = YES;
				CLANG_WARN_STRICT_PROTOTYPES = YES;
				CLANG_WARN_SUSPICIOUS_MOVE = YES;
				CLANG_WARN_UNGUARDED_AVAILABILITY = YES_AGGRESSIVE;
				CLANG_WARN_UNREACHABLE_CODE = YES;
				CLANG_WARN__DUPLICATE_METHOD_MATCH = YES;
				COPY_PHASE_STRIP = NO;
				DEBUG_INFORMATION_FORMAT = dwarf;
				DEVELOPMENT_TEAM = U876TAD787;
				ENABLE_STRICT_OBJC_MSGSEND = YES;
				ENABLE_TESTABILITY = YES;
				ENABLE_USER_SCRIPT_SANDBOXING = YES;
				GCC_C_LANGUAGE_STANDARD = gnu17;
				GCC_DYNAMIC_NO_PIC = NO;
				GCC_NO_COMMON_BLOCKS = YES;
				GCC_OPTIMIZATION_LEVEL = 0;
				GCC_PREPROCESSOR_DEFINITIONS = (
					"DEBUG=1",
					"$(inherited)",
				);
				GCC_WARN_64_TO_32_BIT_CONVERSION = YES;
				GCC_WARN_ABOUT_RETURN_TYPE = YES_ERROR;
				GCC_WARN_UNDECLARED_SELECTOR = YES;
				GCC_WARN_UNINITIALIZED_AUTOS = YES_AGGRESSIVE;
				GCC_WARN_UNUSED_FUNCTION = YES;
				GCC_WARN_UNUSED_VARIABLE = YES;
				IPHONEOS_DEPLOYMENT_TARGET = 26.2;
				LOCALIZATION_PREFERS_STRING_CATALOGS = YES;
				MTL_ENABLE_DEBUG_INFO = INCLUDE_SOURCE;
				MTL_FAST_MATH = YES;
				ONLY_ACTIVE_ARCH = YES;
				SDKROOT = iphoneos;
				SWIFT_ACTIVE_COMPILATION_CONDITIONS = "DEBUG $(inherited)";
				SWIFT_OPTIMIZATION_LEVEL = "-Onone";
			};
			name = Debug;
		};
		D2FF4CA02F729DB5000FA1C1 /* Release */ = {
			isa = XCBuildConfiguration;
			buildSettings = {
				ALWAYS_SEARCH_USER_PATHS = NO;
				ASSETCATALOG_COMPILER_GENERATE_SWIFT_ASSET_SYMBOL_EXTENSIONS = YES;
				CLANG_ANALYZER_NONNULL = YES;
				CLANG_ANALYZER_NUMBER_OBJECT_CONVERSION = YES_AGGRESSIVE;
				CLANG_CXX_LANGUAGE_STANDARD = "gnu++20";
				CLANG_ENABLE_MODULES = YES;
				CLANG_ENABLE_OBJC_ARC = YES;
				CLANG_ENABLE_OBJC_WEAK = YES;
				CLANG_WARN_BLOCK_CAPTURE_AUTORELEASING = YES;
				CLANG_WARN_BOOL_CONVERSION = YES;
				CLANG_WARN_COMMA = YES;
				CLANG_WARN_CONSTANT_CONVERSION = YES;
				CLANG_WARN_DEPRECATED_OBJC_IMPLEMENTATIONS = YES;
				CLANG_WARN_DIRECT_OBJC_ISA_USAGE = YES_ERROR;
				CLANG_WARN_DOCUMENTATION_COMMENTS = YES;
				CLANG_WARN_EMPTY_BODY = YES;
				CLANG_WARN_ENUM_CONVERSION = YES;
				CLANG_WARN_INFINITE_RECURSION = YES;
				CLANG_WARN_INT_CONVERSION = YES;
				CLANG_WARN_NON_LITERAL_NULL_CONVERSION = YES;
				CLANG_WARN_OBJC_IMPLICIT_RETAIN_SELF = YES;
				CLANG_WARN_OBJC_LITERAL_CONVERSION = YES;
				CLANG_WARN_OBJC_ROOT_CLASS = YES_ERROR;
				CLANG_WARN_QUOTED_INCLUDE_IN_FRAMEWORK_HEADER = YES;
				CLANG_WARN_RANGE_LOOP_ANALYSIS = YES;
				CLANG_WARN_STRICT_PROTOTYPES = YES;
				CLANG_WARN_SUSPICIOUS_MOVE = YES;
				CLANG_WARN_UNGUARDED_AVAILABILITY = YES_AGGRESSIVE;
				CLANG_WARN_UNREACHABLE_CODE = YES;
				CLANG_WARN__DUPLICATE_METHOD_MATCH = YES;
				COPY_PHASE_STRIP = NO;
				DEBUG_INFORMATION_FORMAT = "dwarf-with-dsym";
				DEVELOPMENT_TEAM = U876TAD787;
				ENABLE_NS_ASSERTIONS = NO;
				ENABLE_STRICT_OBJC_MSGSEND = YES;
				ENABLE_USER_SCRIPT_SANDBOXING = YES;
				GCC_C_LANGUAGE_STANDARD = gnu17;
				GCC_NO_COMMON_BLOCKS = YES;
				GCC_WARN_64_TO_32_BIT_CONVERSION = YES;
				GCC_WARN_ABOUT_RETURN_TYPE = YES_ERROR;
				GCC_WARN_UNDECLARED_SELECTOR = YES;
				GCC_WARN_UNINITIALIZED_AUTOS = YES_AGGRESSIVE;
				GCC_WARN_UNUSED_FUNCTION = YES;
				GCC_WARN_UNUSED_VARIABLE = YES;
				IPHONEOS_DEPLOYMENT_TARGET = 26.2;
				LOCALIZATION_PREFERS_STRING_CATALOGS = YES;
				MTL_ENABLE_DEBUG_INFO = NO;
				MTL_FAST_MATH = YES;
				SDKROOT = iphoneos;
				SWIFT_COMPILATION_MODE = wholemodule;
				VALIDATE_PRODUCT = YES;
			};
			name = Release;
		};
		D2FF4CA22F729DB5000FA1C1 /* Debug */ = {
			isa = XCBuildConfiguration;
			buildSettings = {
				ASSETCATALOG_COMPILER_APPICON_NAME = AppIcon;
				ASSETCATALOG_COMPILER_GLOBAL_ACCENT_COLOR_NAME = AccentColor;
				CODE_SIGN_ENTITLEMENTS = "BIT101-iOS/BIT101-iOS.entitlements";
				CODE_SIGN_STYLE = Automatic;
				CURRENT_PROJECT_VERSION = 12;
				DEVELOPMENT_TEAM = Y2T72736G3;
				ENABLE_PREVIEWS = YES;
				GENERATE_INFOPLIST_FILE = NO;
				INFOPLIST_FILE = AppInfo.plist;
				IPHONEOS_DEPLOYMENT_TARGET = 18.6;
				LD_RUNPATH_SEARCH_PATHS = (
					"$(inherited)",
					"@executable_path/Frameworks",
				);
				MARKETING_VERSION = 1.2.1;
				PRODUCT_BUNDLE_IDENTIFIER = "BIT101-dev.BIT101-iOS";
				PRODUCT_NAME = "$(TARGET_NAME)";
				STRING_CATALOG_GENERATE_SYMBOLS = YES;
				SUPPORTED_PLATFORMS = "iphoneos iphonesimulator";
				SUPPORTS_MACCATALYST = YES;
				SUPPORTS_MAC_DESIGNED_FOR_IPHONE_IPAD = NO;
				SUPPORTS_XR_DESIGNED_FOR_IPHONE_IPAD = NO;
				SWIFT_APPROACHABLE_CONCURRENCY = YES;
				SWIFT_DEFAULT_ACTOR_ISOLATION = MainActor;
				SWIFT_EMIT_LOC_STRINGS = YES;
				SWIFT_UPCOMING_FEATURE_MEMBER_IMPORT_VISIBILITY = YES;
				SWIFT_VERSION = 5.0;
				TARGETED_DEVICE_FAMILY = "1,2";
			};
			name = Debug;
		};
		D2FF4CA32F729DB5000FA1C1 /* Release */ = {
			isa = XCBuildConfiguration;
			buildSettings = {
				ASSETCATALOG_COMPILER_APPICON_NAME = AppIcon;
				ASSETCATALOG_COMPILER_GLOBAL_ACCENT_COLOR_NAME = AccentColor;
				CODE_SIGN_ENTITLEMENTS = "BIT101-iOS/BIT101-iOS.entitlements";
				CODE_SIGN_STYLE = Automatic;
				CURRENT_PROJECT_VERSION = 12;
				DEVELOPMENT_TEAM = Y2T72736G3;
				ENABLE_PREVIEWS = YES;
				GENERATE_INFOPLIST_FILE = NO;
				INFOPLIST_FILE = AppInfo.plist;
				IPHONEOS_DEPLOYMENT_TARGET = 18.6;
				LD_RUNPATH_SEARCH_PATHS = (
					"$(inherited)",
					"@executable_path/Frameworks",
				);
				MARKETING_VERSION = 1.2.1;
				PRODUCT_BUNDLE_IDENTIFIER = "BIT101-dev.BIT101-iOS";
				PRODUCT_NAME = "$(TARGET_NAME)";
				STRING_CATALOG_GENERATE_SYMBOLS = YES;
				SUPPORTED_PLATFORMS = "iphoneos iphonesimulator";
				SUPPORTS_MACCATALYST = YES;
				SUPPORTS_MAC_DESIGNED_FOR_IPHONE_IPAD = NO;
				SUPPORTS_XR_DESIGNED_FOR_IPHONE_IPAD = NO;
				SWIFT_APPROACHABLE_CONCURRENCY = YES;
				SWIFT_DEFAULT_ACTOR_ISOLATION = MainActor;
				SWIFT_EMIT_LOC_STRINGS = YES;
				SWIFT_UPCOMING_FEATURE_MEMBER_IMPORT_VISIBILITY = YES;
				SWIFT_VERSION = 5.0;
				TARGETED_DEVICE_FAMILY = "1,2";
			};
			name = Release;
		};
/* End XCBuildConfiguration section */

/* Begin XCConfigurationList section */
		D2FF4C912F729DB4000FA1C1 /* Build configuration list for PBXProject "BIT101-iOS" */ = {
			isa = XCConfigurationList;
			buildConfigurations = (
				D2FF4C9F2F729DB5000FA1C1 /* Debug */,
				D2FF4CA02F729DB5000FA1C1 /* Release */,
			);
			defaultConfigurationIsVisible = 0;
			defaultConfigurationName = Release;
		};
		D2FF4CA12F729DB5000FA1C1 /* Build configuration list for PBXNativeTarget "BIT101-iOS" */ = {
			isa = XCConfigurationList;
			buildConfigurations = (
				D2FF4CA22F729DB5000FA1C1 /* Debug */,
				D2FF4CA32F729DB5000FA1C1 /* Release */,
			);
			defaultConfigurationIsVisible = 0;
			defaultConfigurationName = Release;
		};
		F1F65253CDF96455497F6E74 /* Build configuration list for PBXNativeTarget "BIT101ScheduleWidget" */ = {
			isa = XCConfigurationList;
			buildConfigurations = (
				9CA0EE69C55FF3495340685A /* Release */,
				6009FAA3F529547D9DDBDD3B /* Debug */,
			);
			defaultConfigurationIsVisible = 0;
			defaultConfigurationName = Release;
		};
/* End XCConfigurationList section */
	};
	rootObject = D2FF4C8E2F729DB4000FA1C1 /* Project object */;
}
